
Microsoft Visual Studio Solution File, Format Version 12.00
# Visual Studio Version 16
VisualStudioVersion = 16.0.31424.327
MinimumVisualStudioVersion = 10.0.40219.1
Project("{FAE04EC0-301F-11D3-BF4B-00C04F79EFBC}") = "Escola_De_Danca", "Escola_De_Danca\Escola_De_Danca.csproj", "{2DF2E257-4BB0-4567-88A0-38BB6F1527A6}"
EndProject
Global
	GlobalSection(SolutionConfigurationPlatforms) = preSolution
		Debug|Any CPU = Debug|Any CPU
		Release|Any CPU = Release|Any CPU
	EndGlobalSection
	GlobalSection(ProjectConfigurationPlatforms) = postSolution
		{2DF2E257-4BB0-4567-88A0-38BB6F1527A6}.Debug|Any CPU.ActiveCfg = Debug|Any CPU
		{2DF2E257-4BB0-4567-88A0-38BB6F1527A6}.Debug|Any CPU.Build.0 = Debug|Any CPU
		{2DF2E257-4BB0-4567-88A0-38BB6F1527A6}.Release|Any CPU.ActiveCfg = Release|Any CPU
		{2DF2E257-4BB0-4567-88A0-38BB6F1527A6}.Release|Any CPU.Build.0 = Release|Any CPU
	EndGlobalSection
	GlobalSection(SolutionProperties) = preSolution
		HideSolutionNode = FALSE
	EndGlobalSection
	GlobalSection(ExtensibilityGlobals) = postSolution
		SolutionGuid = {4CE60BE3-7675-420A-9877-8D75758B16E3}
	EndGlobalSection
EndGlobal
