
Microsoft Visual Studio Solution File, Format Version 12.00
# Visual Studio Version 16
VisualStudioVersion = 16.0.31424.327
MinimumVisualStudioVersion = 10.0.40219.1
Project("{FAE04EC0-301F-11D3-BF4B-00C04F79EFBC}") = "ACP Tech Cursos", "ACP Tech Cursos\ACP Tech Cursos.csproj", "{125B267F-CC82-4351-94A1-E16E557DF625}"
EndProject
Global
	GlobalSection(SolutionConfigurationPlatforms) = preSolution
		Debug|Any CPU = Debug|Any CPU
		Release|Any CPU = Release|Any CPU
	EndGlobalSection
	GlobalSection(ProjectConfigurationPlatforms) = postSolution
		{125B267F-CC82-4351-94A1-E16E557DF625}.Debug|Any CPU.ActiveCfg = Debug|Any CPU
		{125B267F-CC82-4351-94A1-E16E557DF625}.Debug|Any CPU.Build.0 = Debug|Any CPU
		{125B267F-CC82-4351-94A1-E16E557DF625}.Release|Any CPU.ActiveCfg = Release|Any CPU
		{125B267F-CC82-4351-94A1-E16E557DF625}.Release|Any CPU.Build.0 = Release|Any CPU
	EndGlobalSection
	GlobalSection(SolutionProperties) = preSolution
		HideSolutionNode = FALSE
	EndGlobalSection
	GlobalSection(ExtensibilityGlobals) = postSolution
		SolutionGuid = {AF5863C5-BAEC-4944-8D40-9E253D0FD93D}
	EndGlobalSection
EndGlobal
